
Microsoft Visual Studio Solution File, Format Version 12.00
# Visual Studio 15
VisualStudioVersion = 15.0.28307.572
MinimumVisualStudioVersion = 10.0.40219.1
Project("{9A19103F-16F7-4668-BE54-9A1E7A4F7556}") = "LabIV", "LabIV\LabIV.csproj", "{6AEE9781-0271-462D-9BD1-DB2E80759A13}"
EndProject
Project("{FAE04EC0-301F-11D3-BF4B-00C04F79EFBC}") = "WebAPITests", "WebAPITests\WebAPITests.csproj", "{6D007C2E-D19E-4D0D-87A4-3BA59E4B1BF2}"
EndProject
Global
	GlobalSection(SolutionConfigurationPlatforms) = preSolution
		Debug|Any CPU = Debug|Any CPU
		Release|Any CPU = Release|Any CPU
	EndGlobalSection
	GlobalSection(ProjectConfigurationPlatforms) = postSolution
		{6AEE9781-0271-462D-9BD1-DB2E80759A13}.Debug|Any CPU.ActiveCfg = Debug|Any CPU
		{6AEE9781-0271-462D-9BD1-DB2E80759A13}.Debug|Any CPU.Build.0 = Debug|Any CPU
		{6AEE9781-0271-462D-9BD1-DB2E80759A13}.Release|Any CPU.ActiveCfg = Release|Any CPU
		{6AEE9781-0271-462D-9BD1-DB2E80759A13}.Release|Any CPU.Build.0 = Release|Any CPU
		{6D007C2E-D19E-4D0D-87A4-3BA59E4B1BF2}.Debug|Any CPU.ActiveCfg = Debug|Any CPU
		{6D007C2E-D19E-4D0D-87A4-3BA59E4B1BF2}.Debug|Any CPU.Build.0 = Debug|Any CPU
		{6D007C2E-D19E-4D0D-87A4-3BA59E4B1BF2}.Release|Any CPU.ActiveCfg = Release|Any CPU
		{6D007C2E-D19E-4D0D-87A4-3BA59E4B1BF2}.Release|Any CPU.Build.0 = Release|Any CPU
	EndGlobalSection
	GlobalSection(SolutionProperties) = preSolution
		HideSolutionNode = FALSE
	EndGlobalSection
	GlobalSection(ExtensibilityGlobals) = postSolution
		SolutionGuid = {A6181B42-38D3-4A1E-B395-8234CF7A8F75}
	EndGlobalSection
EndGlobal
